
Microsoft Visual Studio Solution File, Format Version 12.00
# Visual Studio Version 17
VisualStudioVersion = 17.11.35312.102
MinimumVisualStudioVersion = 10.0.40219.1
Project("{9A19103F-16F7-4668-BE54-9A1E7A4F7556}") = "changeColor.Console2", "ConsoleApp2\changeColor.Console2.csproj", "{4EA9FA57-DBA8-4678-9582-23685D64338E}"
EndProject
Global
	GlobalSection(SolutionConfigurationPlatforms) = preSolution
		Debug|Any CPU = Debug|Any CPU
		Release|Any CPU = Release|Any CPU
	EndGlobalSection
	GlobalSection(ProjectConfigurationPlatforms) = postSolution
		{4EA9FA57-DBA8-4678-9582-23685D64338E}.Debug|Any CPU.ActiveCfg = Debug|Any CPU
		{4EA9FA57-DBA8-4678-9582-23685D64338E}.Debug|Any CPU.Build.0 = Debug|Any CPU
		{4EA9FA57-DBA8-4678-9582-23685D64338E}.Release|Any CPU.ActiveCfg = Release|Any CPU
		{4EA9FA57-DBA8-4678-9582-23685D64338E}.Release|Any CPU.Build.0 = Release|Any CPU
	EndGlobalSection
	GlobalSection(SolutionProperties) = preSolution
		HideSolutionNode = FALSE
	EndGlobalSection
	GlobalSection(ExtensibilityGlobals) = postSolution
		SolutionGuid = {7C7F5835-3349-4247-A5D5-90F3CB700C76}
	EndGlobalSection
EndGlobal
